
Microsoft Visual Studio Solution File, Format Version 12.00
# Visual Studio Version 17
VisualStudioVersion = 17.1.32210.238
MinimumVisualStudioVersion = 10.0.40219.1
Project("{FAE04EC0-301F-11D3-BF4B-00C04F79EFBC}") = "WindowsFormsApp1", "WindowsFormsApp1\WindowsFormsApp1.csproj", "{EB0A8D3C-0981-498F-96B2-AC2BA91CEDFF}"
EndProject
Global
	GlobalSection(SolutionConfigurationPlatforms) = preSolution
		Debug|Any CPU = Debug|Any CPU
		Release|Any CPU = Release|Any CPU
	EndGlobalSection
	GlobalSection(ProjectConfigurationPlatforms) = postSolution
		{EB0A8D3C-0981-498F-96B2-AC2BA91CEDFF}.Debug|Any CPU.ActiveCfg = Debug|Any CPU
		{EB0A8D3C-0981-498F-96B2-AC2BA91CEDFF}.Debug|Any CPU.Build.0 = Debug|Any CPU
		{EB0A8D3C-0981-498F-96B2-AC2BA91CEDFF}.Release|Any CPU.ActiveCfg = Release|Any CPU
		{EB0A8D3C-0981-498F-96B2-AC2BA91CEDFF}.Release|Any CPU.Build.0 = Release|Any CPU
	EndGlobalSection
	GlobalSection(SolutionProperties) = preSolution
		HideSolutionNode = FALSE
	EndGlobalSection
	GlobalSection(ExtensibilityGlobals) = postSolution
		SolutionGuid = {88C52136-C540-4669-8A5E-1810AAD0164B}
	EndGlobalSection
EndGlobal
